// !$*UTF8*$!
{
	archiveVersion = 1;
	classes = {
	};
	objectVersion = 46;
	objects = {

/* Begin PBXBuildFile section */
		05E027A21CBBAFF900A2F7C5 /* 3.png in Resources */ = {isa = PBXBuildFile; fileRef = 05E0279C1CBBAFF900A2F7C5 /* 3.png */; };
		05E027A31CBBAFF900A2F7C5 /* 4.png in Resources */ = {isa = PBXBuildFile; fileRef = 05E0279D1CBBAFF900A2F7C5 /* 4.png */; };
		05E027A41CBBAFF900A2F7C5 /* 5.png in Resources */ = {isa = PBXBuildFile; fileRef = 05E0279E1CBBAFF900A2F7C5 /* 5.png */; };
		05E027A51CBBAFF900A2F7C5 /* 6.png in Resources */ = {isa = PBXBuildFile; fileRef = 05E0279F1CBBAFF900A2F7C5 /* 6.png */; };
		05E027A61CBBAFF900A2F7C5 /* 7.png in Resources */ = {isa = PBXBuildFile; fileRef = 05E027A01CBBAFF900A2F7C5 /* 7.png */; };
		05E027A71CBBAFF900A2F7C5 /* 8.png in Resources */ = {isa = PBXBuildFile; fileRef = 05E027A11CBBAFF900A2F7C5 /* 8.png */; };
		05E027AB1CBBB13800A2F7C5 /* 9.png in Resources */ = {isa = PBXBuildFile; fileRef = 05E027A81CBBB13800A2F7C5 /* 9.png */; };
		05E027AC1CBBB13800A2F7C5 /* 10.png in Resources */ = {isa = PBXBuildFile; fileRef = 05E027A91CBBB13800A2F7C5 /* 10.png */; };
		05E027AD1CBBB13800A2F7C5 /* 11.png in Resources */ = {isa = PBXBuildFile; fileRef = 05E027AA1CBBB13800A2F7C5 /* 11.png */; };
		A416832C1CAFFAB500D2EFE6 /* main.m in Sources */ = {isa = PBXBuildFile; fileRef = A416832B1CAFFAB500D2EFE6 /* main.m */; };
		A416832F1CAFFAB500D2EFE6 /* AppDelegate.m in Sources */ = {isa = PBXBuildFile; fileRef = A416832E1CAFFAB500D2EFE6 /* AppDelegate.m */; };
		A41683351CAFFAB500D2EFE6 /* Main.storyboard in Resources */ = {isa = PBXBuildFile; fileRef = A41683331CAFFAB500D2EFE6 /* Main.storyboard */; };
		A41683371CAFFAB500D2EFE6 /* Images.xcassets in Resources */ = {isa = PBXBuildFile; fileRef = A41683361CAFFAB500D2EFE6 /* Images.xcassets */; };
		A416833A1CAFFAB500D2EFE6 /* LaunchScreen.xib in Resources */ = {isa = PBXBuildFile; fileRef = A41683381CAFFAB500D2EFE6 /* LaunchScreen.xib */; };
		A41683461CAFFAB500D2EFE6 /* CollectionViewTests.m in Sources */ = {isa = PBXBuildFile; fileRef = A41683451CAFFAB500D2EFE6 /* CollectionViewTests.m */; };
		A41683531CB097A000D2EFE6 /* TabViewController.m in Sources */ = {isa = PBXBuildFile; fileRef = A41683521CB097A000D2EFE6 /* TabViewController.m */; };
		A41683561CB09A1400D2EFE6 /* NewViewController.m in Sources */ = {isa = PBXBuildFile; fileRef = A41683551CB09A1400D2EFE6 /* NewViewController.m */; };
		A41683591CB09A2400D2EFE6 /* RankViewController.m in Sources */ = {isa = PBXBuildFile; fileRef = A41683581CB09A2400D2EFE6 /* RankViewController.m */; };
		A416835C1CB09A3A00D2EFE6 /* SongsListViewController.m in Sources */ = {isa = PBXBuildFile; fileRef = A416835B1CB09A3A00D2EFE6 /* SongsListViewController.m */; };
		A416835F1CB09A5100D2EFE6 /* YourOwnViewController.m in Sources */ = {isa = PBXBuildFile; fileRef = A416835E1CB09A5100D2EFE6 /* YourOwnViewController.m */; };
		A41683621CB09C9600D2EFE6 /* NavViewController.m in Sources */ = {isa = PBXBuildFile; fileRef = A41683611CB09C9600D2EFE6 /* NavViewController.m */; };
		A41683781CB0A8AA00D2EFE6 /* CollectionViewCell.m in Sources */ = {isa = PBXBuildFile; fileRef = A41683771CB0A8AA00D2EFE6 /* CollectionViewCell.m */; };
		A416837B1CB0EA6C00D2EFE6 /* TableViewCell.m in Sources */ = {isa = PBXBuildFile; fileRef = A416837A1CB0EA6C00D2EFE6 /* TableViewCell.m */; };
		A416837E1CB0F58700D2EFE6 /* 0.png in Resources */ = {isa = PBXBuildFile; fileRef = A416837D1CB0F58700D2EFE6 /* 0.png */; };
		A41683811CB25FED00D2EFE6 /* ViewOne.m in Sources */ = {isa = PBXBuildFile; fileRef = A41683801CB25FED00D2EFE6 /* ViewOne.m */; };
		A41683841CB2609200D2EFE6 /* ViewTwo.m in Sources */ = {isa = PBXBuildFile; fileRef = A41683831CB2609200D2EFE6 /* ViewTwo.m */; };
		A41683871CB26BB700D2EFE6 /* DataModel.m in Sources */ = {isa = PBXBuildFile; fileRef = A41683861CB26BB700D2EFE6 /* DataModel.m */; };
		A416838A1CB27D6500D2EFE6 /* RankTableViewCell.m in Sources */ = {isa = PBXBuildFile; fileRef = A41683891CB27D6500D2EFE6 /* RankTableViewCell.m */; };
		A469C0861CBA9F020082CE36 /* UIImage+Video.m in Sources */ = {isa = PBXBuildFile; fileRef = A469C0851CBA9F020082CE36 /* UIImage+Video.m */; };
		A4EB10911CB4930D00F93E82 /* 2.png in Resources */ = {isa = PBXBuildFile; fileRef = A4EB10901CB4930D00F93E82 /* 2.png */; };
		A4EB10931CB4937900F93E82 /* 1.png in Resources */ = {isa = PBXBuildFile; fileRef = A4EB10921CB4937900F93E82 /* 1.png */; };
		A4EB10961CB4B03800F93E82 /* music.png in Resources */ = {isa = PBXBuildFile; fileRef = A4EB10951CB4B03800F93E82 /* music.png */; };
		A4EB109A1CB5E03700F93E82 /* MusicOneViewController.m in Sources */ = {isa = PBXBuildFile; fileRef = A4EB10991CB5E03700F93E82 /* MusicOneViewController.m */; };
		A4EB109C1CB5EA4F00F93E82 /* baby.mp3 in Resources */ = {isa = PBXBuildFile; fileRef = A4EB109B1CB5EA4F00F93E82 /* baby.mp3 */; };
		A4EB109E1CB5EC6400F93E82 /* AVFoundation.framework in Frameworks */ = {isa = PBXBuildFile; fileRef = A4EB109D1CB5EC6400F93E82 /* AVFoundation.framework */; };
		A4EB10A01CB66D1800F93E82 /* musicone.png in Resources */ = {isa = PBXBuildFile; fileRef = A4EB109F1CB66D1800F93E82 /* musicone.png */; };
		A4EB10A31CB6AFDA00F93E82 /* VideoViewController.m in Sources */ = {isa = PBXBuildFile; fileRef = A4EB10A21CB6AFDA00F93E82 /* VideoViewController.m */; };
		A4EB10A51CB78F1E00F93E82 /* AudioToolbox.framework in Frameworks */ = {isa = PBXBuildFile; fileRef = A4EB10A41CB78F1E00F93E82 /* AudioToolbox.framework */; };
		A4EB10A71CB78F9300F93E82 /* MediaPlayer.framework in Frameworks */ = {isa = PBXBuildFile; fileRef = A4EB10A61CB78F9300F93E82 /* MediaPlayer.framework */; };
/* End PBXBuildFile section */

/* Begin PBXContainerItemProxy section */
		A41683401CAFFAB500D2EFE6 /* PBXContainerItemProxy */ = {
			isa = PBXContainerItemProxy;
			containerPortal = A416831E1CAFFAB500D2EFE6 /* Project object */;
			proxyType = 1;
			remoteGlobalIDString = A41683251CAFFAB500D2EFE6;
			remoteInfo = CollectionView;
		};
/* End PBXContainerItemProxy section */

/* Begin PBXFileReference section */
		05E0279C1CBBAFF900A2F7C5 /* 3.png */ = {isa = PBXFileReference; lastKnownFileType = image.png; path = 3.png; sourceTree = "<group>"; };
		05E0279D1CBBAFF900A2F7C5 /* 4.png */ = {isa = PBXFileReference; lastKnownFileType = image.png; path = 4.png; sourceTree = "<group>"; };
		05E0279E1CBBAFF900A2F7C5 /* 5.png */ = {isa = PBXFileReference; lastKnownFileType = image.png; path = 5.png; sourceTree = "<group>"; };
		05E0279F1CBBAFF900A2F7C5 /* 6.png */ = {isa = PBXFileReference; lastKnownFileType = image.png; path = 6.png; sourceTree = "<group>"; };
		05E027A01CBBAFF900A2F7C5 /* 7.png */ = {isa = PBXFileReference; lastKnownFileType = image.png; path = 7.png; sourceTree = "<group>"; };
		05E027A11CBBAFF900A2F7C5 /* 8.png */ = {isa = PBXFileReference; lastKnownFileType = image.png; path = 8.png; sourceTree = "<group>"; };
		05E027A81CBBB13800A2F7C5 /* 9.png */ = {isa = PBXFileReference; lastKnownFileType = image.png; path = 9.png; sourceTree = "<group>"; };
		05E027A91CBBB13800A2F7C5 /* 10.png */ = {isa = PBXFileReference; lastKnownFileType = image.png; path = 10.png; sourceTree = "<group>"; };
		05E027AA1CBBB13800A2F7C5 /* 11.png */ = {isa = PBXFileReference; lastKnownFileType = image.png; path = 11.png; sourceTree = "<group>"; };
		A41683261CAFFAB500D2EFE6 /* CollectionView.app */ = {isa = PBXFileReference; explicitFileType = wrapper.application; includeInIndex = 0; path = CollectionView.app; sourceTree = BUILT_PRODUCTS_DIR; };
		A416832A1CAFFAB500D2EFE6 /* Info.plist */ = {isa = PBXFileReference; lastKnownFileType = text.plist.xml; path = Info.plist; sourceTree = "<group>"; };
		A416832B1CAFFAB500D2EFE6 /* main.m */ = {isa = PBXFileReference; lastKnownFileType = sourcecode.c.objc; path = main.m; sourceTree = "<group>"; };
		A416832D1CAFFAB500D2EFE6 /* AppDelegate.h */ = {isa = PBXFileReference; lastKnownFileType = sourcecode.c.h; path = AppDelegate.h; sourceTree = "<group>"; };
		A416832E1CAFFAB500D2EFE6 /* AppDelegate.m */ = {isa = PBXFileReference; lastKnownFileType = sourcecode.c.objc; path = AppDelegate.m; sourceTree = "<group>"; };
		A41683341CAFFAB500D2EFE6 /* Base */ = {isa = PBXFileReference; lastKnownFileType = file.storyboard; name = Base; path = Base.lproj/Main.storyboard; sourceTree = "<group>"; };
		A41683361CAFFAB500D2EFE6 /* Images.xcassets */ = {isa = PBXFileReference; lastKnownFileType = folder.assetcatalog; path = Images.xcassets; sourceTree = "<group>"; };
		A41683391CAFFAB500D2EFE6 /* Base */ = {isa = PBXFileReference; lastKnownFileType = file.xib; name = Base; path = Base.lproj/LaunchScreen.xib; sourceTree = "<group>"; };
		A416833F1CAFFAB500D2EFE6 /* CollectionViewTests.xctest */ = {isa = PBXFileReference; explicitFileType = wrapper.cfbundle; includeInIndex = 0; path = CollectionViewTests.xctest; sourceTree = BUILT_PRODUCTS_DIR; };
		A41683441CAFFAB500D2EFE6 /* Info.plist */ = {isa = PBXFileReference; lastKnownFileType = text.plist.xml; path = Info.plist; sourceTree = "<group>"; };
		A41683451CAFFAB500D2EFE6 /* CollectionViewTests.m */ = {isa = PBXFileReference; lastKnownFileType = sourcecode.c.objc; path = CollectionViewTests.m; sourceTree = "<group>"; };
		A41683511CB097A000D2EFE6 /* TabViewController.h */ = {isa = PBXFileReference; fileEncoding = 4; lastKnownFileType = sourcecode.c.h; path = TabViewController.h; sourceTree = "<group>"; };
		A41683521CB097A000D2EFE6 /* TabViewController.m */ = {isa = PBXFileReference; fileEncoding = 4; lastKnownFileType = sourcecode.c.objc; path = TabViewController.m; sourceTree = "<group>"; };
		A41683541CB09A1400D2EFE6 /* NewViewController.h */ = {isa = PBXFileReference; fileEncoding = 4; lastKnownFileType = sourcecode.c.h; path = NewViewController.h; sourceTree = "<group>"; };
		A41683551CB09A1400D2EFE6 /* NewViewController.m */ = {isa = PBXFileReference; fileEncoding = 4; lastKnownFileType = sourcecode.c.objc; path = NewViewController.m; sourceTree = "<group>"; };
		A41683571CB09A2400D2EFE6 /* RankViewController.h */ = {isa = PBXFileReference; fileEncoding = 4; lastKnownFileType = sourcecode.c.h; path = RankViewController.h; sourceTree = "<group>"; };
		A41683581CB09A2400D2EFE6 /* RankViewController.m */ = {isa = PBXFileReference; fileEncoding = 4; lastKnownFileType = sourcecode.c.objc; path = RankViewController.m; sourceTree = "<group>"; };
		A416835A1CB09A3A00D2EFE6 /* SongsListViewController.h */ = {isa = PBXFileReference; fileEncoding = 4; lastKnownFileType = sourcecode.c.h; path = SongsListViewController.h; sourceTree = "<group>"; };
		A416835B1CB09A3A00D2EFE6 /* SongsListViewController.m */ = {isa = PBXFileReference; fileEncoding = 4; lastKnownFileType = sourcecode.c.objc; path = SongsListViewController.m; sourceTree = "<group>"; };
		A416835D1CB09A5100D2EFE6 /* YourOwnViewController.h */ = {isa = PBXFileReference; fileEncoding = 4; lastKnownFileType = sourcecode.c.h; path = YourOwnViewController.h; sourceTree = "<group>"; };
		A416835E1CB09A5100D2EFE6 /* YourOwnViewController.m */ = {isa = PBXFileReference; fileEncoding = 4; lastKnownFileType = sourcecode.c.objc; path = YourOwnViewController.m; sourceTree = "<group>"; };
		A41683601CB09C9600D2EFE6 /* NavViewController.h */ = {isa = PBXFileReference; fileEncoding = 4; lastKnownFileType = sourcecode.c.h; path = NavViewController.h; sourceTree = "<group>"; };
		A41683611CB09C9600D2EFE6 /* NavViewController.m */ = {isa = PBXFileReference; fileEncoding = 4; lastKnownFileType = sourcecode.c.objc; path = NavViewController.m; sourceTree = "<group>"; };
		A41683761CB0A8AA00D2EFE6 /* CollectionViewCell.h */ = {isa = PBXFileReference; fileEncoding = 4; lastKnownFileType = sourcecode.c.h; path = CollectionViewCell.h; sourceTree = "<group>"; };
		A41683771CB0A8AA00D2EFE6 /* CollectionViewCell.m */ = {isa = PBXFileReference; fileEncoding = 4; lastKnownFileType = sourcecode.c.objc; path = CollectionViewCell.m; sourceTree = "<group>"; };
		A41683791CB0EA6C00D2EFE6 /* TableViewCell.h */ = {isa = PBXFileReference; fileEncoding = 4; lastKnownFileType = sourcecode.c.h; path = TableViewCell.h; sourceTree = "<group>"; };
		A416837A1CB0EA6C00D2EFE6 /* TableViewCell.m */ = {isa = PBXFileReference; fileEncoding = 4; lastKnownFileType = sourcecode.c.objc; path = TableViewCell.m; sourceTree = "<group>"; };
		A416837D1CB0F58700D2EFE6 /* 0.png */ = {isa = PBXFileReference; lastKnownFileType = image.png; path = 0.png; sourceTree = "<group>"; };
		A416837F1CB25FED00D2EFE6 /* ViewOne.h */ = {isa = PBXFileReference; fileEncoding = 4; lastKnownFileType = sourcecode.c.h; path = ViewOne.h; sourceTree = "<group>"; };
		A41683801CB25FED00D2EFE6 /* ViewOne.m */ = {isa = PBXFileReference; fileEncoding = 4; lastKnownFileType = sourcecode.c.objc; path = ViewOne.m; sourceTree = "<group>"; };
		A41683821CB2609200D2EFE6 /* ViewTwo.h */ = {isa = PBXFileReference; fileEncoding = 4; lastKnownFileType = sourcecode.c.h; path = ViewTwo.h; sourceTree = "<group>"; };
		A41683831CB2609200D2EFE6 /* ViewTwo.m */ = {isa = PBXFileReference; fileEncoding = 4; lastKnownFileType = sourcecode.c.objc; path = ViewTwo.m; sourceTree = "<group>"; };
		A41683851CB26BB700D2EFE6 /* DataModel.h */ = {isa = PBXFileReference; fileEncoding = 4; lastKnownFileType = sourcecode.c.h; path = DataModel.h; sourceTree = "<group>"; };
		A41683861CB26BB700D2EFE6 /* DataModel.m */ = {isa = PBXFileReference; fileEncoding = 4; lastKnownFileType = sourcecode.c.objc; path = DataModel.m; sourceTree = "<group>"; };
		A41683881CB27D6500D2EFE6 /* RankTableViewCell.h */ = {isa = PBXFileReference; fileEncoding = 4; lastKnownFileType = sourcecode.c.h; path = RankTableViewCell.h; sourceTree = "<group>"; };
		A41683891CB27D6500D2EFE6 /* RankTableViewCell.m */ = {isa = PBXFileReference; fileEncoding = 4; lastKnownFileType = sourcecode.c.objc; path = RankTableViewCell.m; sourceTree = "<group>"; };
		A469C0841CBA9F020082CE36 /* UIImage+Video.h */ = {isa = PBXFileReference; fileEncoding = 4; lastKnownFileType = sourcecode.c.h; path = "UIImage+Video.h"; sourceTree = "<group>"; };
		A469C0851CBA9F020082CE36 /* UIImage+Video.m */ = {isa = PBXFileReference; fileEncoding = 4; lastKnownFileType = sourcecode.c.objc; path = "UIImage+Video.m"; sourceTree = "<group>"; };
		A4EB10901CB4930D00F93E82 /* 2.png */ = {isa = PBXFileReference; lastKnownFileType = image.png; path = 2.png; sourceTree = "<group>"; };
		A4EB10921CB4937900F93E82 /* 1.png */ = {isa = PBXFileReference; lastKnownFileType = image.png; path = 1.png; sourceTree = "<group>"; };
		A4EB10951CB4B03800F93E82 /* music.png */ = {isa = PBXFileReference; lastKnownFileType = image.png; path = music.png; sourceTree = "<group>"; };
		A4EB10981CB5E03700F93E82 /* MusicOneViewController.h */ = {isa = PBXFileReference; fileEncoding = 4; lastKnownFileType = sourcecode.c.h; path = MusicOneViewController.h; sourceTree = "<group>"; };
		A4EB10991CB5E03700F93E82 /* MusicOneViewController.m */ = {isa = PBXFileReference; fileEncoding = 4; lastKnownFileType = sourcecode.c.objc; path = MusicOneViewController.m; sourceTree = "<group>"; };
		A4EB109B1CB5EA4F00F93E82 /* baby.mp3 */ = {isa = PBXFileReference; lastKnownFileType = audio.mp3; path = baby.mp3; sourceTree = "<group>"; };
		A4EB109D1CB5EC6400F93E82 /* AVFoundation.framework */ = {isa = PBXFileReference; lastKnownFileType = wrapper.framework; name = AVFoundation.framework; path = System/Library/Frameworks/AVFoundation.framework; sourceTree = SDKROOT; };
		A4EB109F1CB66D1800F93E82 /* musicone.png */ = {isa = PBXFileReference; lastKnownFileType = image.png; path = musicone.png; sourceTree = "<group>"; };
		A4EB10A11CB6AFDA00F93E82 /* VideoViewController.h */ = {isa = PBXFileReference; fileEncoding = 4; lastKnownFileType = sourcecode.c.h; path = VideoViewController.h; sourceTree = "<group>"; };
		A4EB10A21CB6AFDA00F93E82 /* VideoViewController.m */ = {isa = PBXFileReference; fileEncoding = 4; lastKnownFileType = sourcecode.c.objc; path = VideoViewController.m; sourceTree = "<group>"; };
		A4EB10A41CB78F1E00F93E82 /* AudioToolbox.framework */ = {isa = PBXFileReference; lastKnownFileType = wrapper.framework; name = AudioToolbox.framework; path = System/Library/Frameworks/AudioToolbox.framework; sourceTree = SDKROOT; };
		A4EB10A61CB78F9300F93E82 /* MediaPlayer.framework */ = {isa = PBXFileReference; lastKnownFileType = wrapper.framework; name = MediaPlayer.framework; path = System/Library/Frameworks/MediaPlayer.framework; sourceTree = SDKROOT; };
/* End PBXFileReference section */

/* Begin PBXFrameworksBuildPhase section */
		A41683231CAFFAB500D2EFE6 /* Frameworks */ = {
			isa = PBXFrameworksBuildPhase;
			buildActionMask = 2147483647;
			files = (
				A4EB10A71CB78F9300F93E82 /* MediaPlayer.framework in Frameworks */,
				A4EB10A51CB78F1E00F93E82 /* AudioToolbox.framework in Frameworks */,
				A4EB109E1CB5EC6400F93E82 /* AVFoundation.framework in Frameworks */,
			);
			runOnlyForDeploymentPostprocessing = 0;
		};
		A416833C1CAFFAB500D2EFE6 /* Frameworks */ = {
			isa = PBXFrameworksBuildPhase;
			buildActionMask = 2147483647;
			files = (
			);
			runOnlyForDeploymentPostprocessing = 0;
		};
/* End PBXFrameworksBuildPhase section */

/* Begin PBXGroup section */
		A416831D1CAFFAB500D2EFE6 = {
			isa = PBXGroup;
			children = (
				A4EB10A61CB78F9300F93E82 /* MediaPlayer.framework */,
				A4EB10A41CB78F1E00F93E82 /* AudioToolbox.framework */,
				A4EB109D1CB5EC6400F93E82 /* AVFoundation.framework */,
				A41683281CAFFAB500D2EFE6 /* CollectionView */,
				A41683421CAFFAB500D2EFE6 /* CollectionViewTests */,
				A41683271CAFFAB500D2EFE6 /* Products */,
			);
			sourceTree = "<group>";
		};
		A41683271CAFFAB500D2EFE6 /* Products */ = {
			isa = PBXGroup;
			children = (
				A41683261CAFFAB500D2EFE6 /* CollectionView.app */,
				A416833F1CAFFAB500D2EFE6 /* CollectionViewTests.xctest */,
			);
			name = Products;
			sourceTree = "<group>";
		};
		A41683281CAFFAB500D2EFE6 /* CollectionView */ = {
			isa = PBXGroup;
			children = (
				A41683691CB0A18300D2EFE6 /* YourSong */,
				A41683681CB0A17500D2EFE6 /* ListSong */,
				A41683671CB0A16B00D2EFE6 /* RankSong */,
				A41683661CB0A14600D2EFE6 /* NewSong */,
				A41683501CB0978F00D2EFE6 /* main */,
				A41683631CB09CC900D2EFE6 /* Home */,
				A41683331CAFFAB500D2EFE6 /* Main.storyboard */,
				A41683361CAFFAB500D2EFE6 /* Images.xcassets */,
				A41683381CAFFAB500D2EFE6 /* LaunchScreen.xib */,
				A41683291CAFFAB500D2EFE6 /* Supporting Files */,
			);
			path = CollectionView;
			sourceTree = "<group>";
		};
		A41683291CAFFAB500D2EFE6 /* Supporting Files */ = {
			isa = PBXGroup;
			children = (
				A4EB109B1CB5EA4F00F93E82 /* baby.mp3 */,
				A416837C1CB0F57A00D2EFE6 /* img */,
				A416832A1CAFFAB500D2EFE6 /* Info.plist */,
				A416832B1CAFFAB500D2EFE6 /* main.m */,
			);
			name = "Supporting Files";
			sourceTree = "<group>";
		};
		A41683421CAFFAB500D2EFE6 /* CollectionViewTests */ = {
			isa = PBXGroup;
			children = (
				A41683451CAFFAB500D2EFE6 /* CollectionViewTests.m */,
				A41683431CAFFAB500D2EFE6 /* Supporting Files */,
			);
			path = CollectionViewTests;
			sourceTree = "<group>";
		};
		A41683431CAFFAB500D2EFE6 /* Supporting Files */ = {
			isa = PBXGroup;
			children = (
				A41683441CAFFAB500D2EFE6 /* Info.plist */,
			);
			name = "Supporting Files";
			sourceTree = "<group>";
		};
		A41683501CB0978F00D2EFE6 /* main */ = {
			isa = PBXGroup;
			children = (
				A41683651CB09D1D00D2EFE6 /* Controller */,
			);
			name = main;
			sourceTree = "<group>";
		};
		A41683631CB09CC900D2EFE6 /* Home */ = {
			isa = PBXGroup;
			children = (
				A41683641CB09CF800D2EFE6 /* Controller */,
			);
			name = Home;
			sourceTree = "<group>";
		};
		A41683641CB09CF800D2EFE6 /* Controller */ = {
			isa = PBXGroup;
			children = (
			);
			name = Controller;
			sourceTree = "<group>";
		};
		A41683651CB09D1D00D2EFE6 /* Controller */ = {
			isa = PBXGroup;
			children = (
				A416832D1CAFFAB500D2EFE6 /* AppDelegate.h */,
				A416832E1CAFFAB500D2EFE6 /* AppDelegate.m */,
				A41683511CB097A000D2EFE6 /* TabViewController.h */,
				A41683521CB097A000D2EFE6 /* TabViewController.m */,
				A41683601CB09C9600D2EFE6 /* NavViewController.h */,
				A41683611CB09C9600D2EFE6 /* NavViewController.m */,
			);
			name = Controller;
			sourceTree = "<group>";
		};
		A41683661CB0A14600D2EFE6 /* NewSong */ = {
			isa = PBXGroup;
			children = (
				A41683751CB0A2A300D2EFE6 /* Controller */,
				A41683741CB0A29E00D2EFE6 /* Model */,
				A41683731CB0A29A00D2EFE6 /* View */,
			);
			name = NewSong;
			sourceTree = "<group>";
		};
		A41683671CB0A16B00D2EFE6 /* RankSong */ = {
			isa = PBXGroup;
			children = (
				A41683721CB0A28F00D2EFE6 /* Controller */,
				A41683711CB0A28A00D2EFE6 /* View */,
				A41683701CB0A27E00D2EFE6 /* Model */,
			);
			name = RankSong;
			sourceTree = "<group>";
		};
		A41683681CB0A17500D2EFE6 /* ListSong */ = {
			isa = PBXGroup;
			children = (
				A416836F1CB0A26500D2EFE6 /* Controller */,
				A416836E1CB0A25A00D2EFE6 /* View */,
				A416836D1CB0A25000D2EFE6 /* Model */,
			);
			name = ListSong;
			sourceTree = "<group>";
		};
		A41683691CB0A18300D2EFE6 /* YourSong */ = {
			isa = PBXGroup;
			children = (
				A416836C1CB0A19F00D2EFE6 /* Model */,
				A416836B1CB0A19900D2EFE6 /* View */,
				A416836A1CB0A19200D2EFE6 /* Controller */,
			);
			name = YourSong;
			sourceTree = "<group>";
		};
		A416836A1CB0A19200D2EFE6 /* Controller */ = {
			isa = PBXGroup;
			children = (
				A416835D1CB09A5100D2EFE6 /* YourOwnViewController.h */,
				A416835E1CB09A5100D2EFE6 /* YourOwnViewController.m */,
				A4EB10A11CB6AFDA00F93E82 /* VideoViewController.h */,
				A4EB10A21CB6AFDA00F93E82 /* VideoViewController.m */,
				A469C0841CBA9F020082CE36 /* UIImage+Video.h */,
				A469C0851CBA9F020082CE36 /* UIImage+Video.m */,
			);
			name = Controller;
			sourceTree = "<group>";
		};
		A416836B1CB0A19900D2EFE6 /* View */ = {
			isa = PBXGroup;
			children = (
			);
			name = View;
			sourceTree = "<group>";
		};
		A416836C1CB0A19F00D2EFE6 /* Model */ = {
			isa = PBXGroup;
			children = (
			);
			name = Model;
			sourceTree = "<group>";
		};
		A416836D1CB0A25000D2EFE6 /* Model */ = {
			isa = PBXGroup;
			children = (
			);
			name = Model;
			sourceTree = "<group>";
		};
		A416836E1CB0A25A00D2EFE6 /* View */ = {
			isa = PBXGroup;
			children = (
				A41683761CB0A8AA00D2EFE6 /* CollectionViewCell.h */,
				A41683771CB0A8AA00D2EFE6 /* CollectionViewCell.m */,
			);
			name = View;
			sourceTree = "<group>";
		};
		A416836F1CB0A26500D2EFE6 /* Controller */ = {
			isa = PBXGroup;
			children = (
				A416835A1CB09A3A00D2EFE6 /* SongsListViewController.h */,
				A416835B1CB09A3A00D2EFE6 /* SongsListViewController.m */,
			);
			name = Controller;
			sourceTree = "<group>";
		};
		A41683701CB0A27E00D2EFE6 /* Model */ = {
			isa = PBXGroup;
			children = (
				A41683851CB26BB700D2EFE6 /* DataModel.h */,
				A41683861CB26BB700D2EFE6 /* DataModel.m */,
			);
			name = Model;
			sourceTree = "<group>";
		};
		A41683711CB0A28A00D2EFE6 /* View */ = {
			isa = PBXGroup;
			children = (
				A416837F1CB25FED00D2EFE6 /* ViewOne.h */,
				A41683801CB25FED00D2EFE6 /* ViewOne.m */,
				A41683821CB2609200D2EFE6 /* ViewTwo.h */,
				A41683831CB2609200D2EFE6 /* ViewTwo.m */,
				A41683881CB27D6500D2EFE6 /* RankTableViewCell.h */,
				A41683891CB27D6500D2EFE6 /* RankTableViewCell.m */,
			);
			name = View;
			sourceTree = "<group>";
		};
		A41683721CB0A28F00D2EFE6 /* Controller */ = {
			isa = PBXGroup;
			children = (
				A41683571CB09A2400D2EFE6 /* RankViewController.h */,
				A41683581CB09A2400D2EFE6 /* RankViewController.m */,
				A4EB10971CB5E00900F93E82 /* MusicOne */,
			);
			name = Controller;
			sourceTree = "<group>";
		};
		A41683731CB0A29A00D2EFE6 /* View */ = {
			isa = PBXGroup;
			children = (
				A41683791CB0EA6C00D2EFE6 /* TableViewCell.h */,
				A416837A1CB0EA6C00D2EFE6 /* TableViewCell.m */,
			);
			name = View;
			sourceTree = "<group>";
		};
		A41683741CB0A29E00D2EFE6 /* Model */ = {
			isa = PBXGroup;
			children = (
			);
			name = Model;
			sourceTree = "<group>";
		};
		A41683751CB0A2A300D2EFE6 /* Controller */ = {
			isa = PBXGroup;
			children = (
				A41683541CB09A1400D2EFE6 /* NewViewController.h */,
				A41683551CB09A1400D2EFE6 /* NewViewController.m */,
			);
			name = Controller;
			sourceTree = "<group>";
		};
		A416837C1CB0F57A00D2EFE6 /* img */ = {
			isa = PBXGroup;
			children = (
				A4EB109F1CB66D1800F93E82 /* musicone.png */,
				A4EB10901CB4930D00F93E82 /* 2.png */,
				A4EB10921CB4937900F93E82 /* 1.png */,
				05E0279C1CBBAFF900A2F7C5 /* 3.png */,
				05E0279D1CBBAFF900A2F7C5 /* 4.png */,
				05E0279E1CBBAFF900A2F7C5 /* 5.png */,
				05E0279F1CBBAFF900A2F7C5 /* 6.png */,
				05E027A01CBBAFF900A2F7C5 /* 7.png */,
				05E027A11CBBAFF900A2F7C5 /* 8.png */,
				A4EB10951CB4B03800F93E82 /* music.png */,
				A416837D1CB0F58700D2EFE6 /* 0.png */,
				05E027A81CBBB13800A2F7C5 /* 9.png */,
				05E027A91CBBB13800A2F7C5 /* 10.png */,
				05E027AA1CBBB13800A2F7C5 /* 11.png */,
			);
			name = img;
			sourceTree = "<group>";
		};
		A4EB10971CB5E00900F93E82 /* MusicOne */ = {
			isa = PBXGroup;
			children = (
				A4EB10981CB5E03700F93E82 /* MusicOneViewController.h */,
				A4EB10991CB5E03700F93E82 /* MusicOneViewController.m */,
			);
			name = MusicOne;
			sourceTree = "<group>";
		};
/* End PBXGroup section */

/* Begin PBXNativeTarget section */
		A41683251CAFFAB500D2EFE6 /* CollectionView */ = {
			isa = PBXNativeTarget;
			buildConfigurationList = A41683491CAFFAB500D2EFE6 /* Build configuration list for PBXNativeTarget "CollectionView" */;
			buildPhases = (
				A41683221CAFFAB500D2EFE6 /* Sources */,
				A41683231CAFFAB500D2EFE6 /* Frameworks */,
				A41683241CAFFAB500D2EFE6 /* Resources */,
			);
			buildRules = (
			);
			dependencies = (
			);
			name = CollectionView;
			productName = CollectionView;
			productReference = A41683261CAFFAB500D2EFE6 /* CollectionView.app */;
			productType = "com.apple.product-type.application";
		};
		A416833E1CAFFAB500D2EFE6 /* CollectionViewTests */ = {
			isa = PBXNativeTarget;
			buildConfigurationList = A416834C1CAFFAB500D2EFE6 /* Build configuration list for PBXNativeTarget "CollectionViewTests" */;
			buildPhases = (
				A416833B1CAFFAB500D2EFE6 /* Sources */,
				A416833C1CAFFAB500D2EFE6 /* Frameworks */,
				A416833D1CAFFAB500D2EFE6 /* Resources */,
			);
			buildRules = (
			);
			dependencies = (
				A41683411CAFFAB500D2EFE6 /* PBXTargetDependency */,
			);
			name = CollectionViewTests;
			productName = CollectionViewTests;
			productReference = A416833F1CAFFAB500D2EFE6 /* CollectionViewTests.xctest */;
			productType = "com.apple.product-type.bundle.unit-test";
		};
/* End PBXNativeTarget section */

/* Begin PBXProject section */
		A416831E1CAFFAB500D2EFE6 /* Project object */ = {
			isa = PBXProject;
			attributes = {
				LastUpgradeCheck = 0610;
				ORGANIZATIONNAME = "张娟娟";
				TargetAttributes = {
					A41683251CAFFAB500D2EFE6 = {
						CreatedOnToolsVersion = 6.1.1;
					};
					A416833E1CAFFAB500D2EFE6 = {
						CreatedOnToolsVersion = 6.1.1;
						TestTargetID = A41683251CAFFAB500D2EFE6;
					};
				};
			};
			buildConfigurationList = A41683211CAFFAB500D2EFE6 /* Build configuration list for PBXProject "CollectionView" */;
			compatibilityVersion = "Xcode 3.2";
			developmentRegion = English;
			hasScannedForEncodings = 0;
			knownRegions = (
				en,
				Base,
			);
			mainGroup = A416831D1CAFFAB500D2EFE6;
			productRefGroup = A41683271CAFFAB500D2EFE6 /* Products */;
			projectDirPath = "";
			projectRoot = "";
			targets = (
				A41683251CAFFAB500D2EFE6 /* CollectionView */,
				A416833E1CAFFAB500D2EFE6 /* CollectionViewTests */,
			);
		};
/* End PBXProject section */

/* Begin PBXResourcesBuildPhase section */
		A41683241CAFFAB500D2EFE6 /* Resources */ = {
			isa = PBXResourcesBuildPhase;
			buildActionMask = 2147483647;
			files = (
				05E027A71CBBAFF900A2F7C5 /* 8.png in Resources */,
				05E027AB1CBBB13800A2F7C5 /* 9.png in Resources */,
				05E027A31CBBAFF900A2F7C5 /* 4.png in Resources */,
				A4EB10911CB4930D00F93E82 /* 2.png in Resources */,
				05E027AC1CBBB13800A2F7C5 /* 10.png in Resources */,
				A4EB10961CB4B03800F93E82 /* music.png in Resources */,
				05E027A61CBBAFF900A2F7C5 /* 7.png in Resources */,
				A416837E1CB0F58700D2EFE6 /* 0.png in Resources */,
				A41683351CAFFAB500D2EFE6 /* Main.storyboard in Resources */,
				A4EB10A01CB66D1800F93E82 /* musicone.png in Resources */,
				05E027A51CBBAFF900A2F7C5 /* 6.png in Resources */,
				05E027A21CBBAFF900A2F7C5 /* 3.png in Resources */,
				A4EB109C1CB5EA4F00F93E82 /* baby.mp3 in Resources */,
				05E027AD1CBBB13800A2F7C5 /* 11.png in Resources */,
				A4EB10931CB4937900F93E82 /* 1.png in Resources */,
				05E027A41CBBAFF900A2F7C5 /* 5.png in Resources */,
				A416833A1CAFFAB500D2EFE6 /* LaunchScreen.xib in Resources */,
				A41683371CAFFAB500D2EFE6 /* Images.xcassets in Resources */,
			);
			runOnlyForDeploymentPostprocessing = 0;
		};
		A416833D1CAFFAB500D2EFE6 /* Resources */ = {
			isa = PBXResourcesBuildPhase;
			buildActionMask = 2147483647;
			files = (
			);
			runOnlyForDeploymentPostprocessing = 0;
		};
/* End PBXResourcesBuildPhase section */

/* Begin PBXSourcesBuildPhase section */
		A41683221CAFFAB500D2EFE6 /* Sources */ = {
			isa = PBXSourcesBuildPhase;
			buildActionMask = 2147483647;
			files = (
				A41683871CB26BB700D2EFE6 /* DataModel.m in Sources */,
				A41683531CB097A000D2EFE6 /* TabViewController.m in Sources */,
				A416832F1CAFFAB500D2EFE6 /* AppDelegate.m in Sources */,
				A41683811CB25FED00D2EFE6 /* ViewOne.m in Sources */,
				A41683621CB09C9600D2EFE6 /* NavViewController.m in Sources */,
				A416837B1CB0EA6C00D2EFE6 /* TableViewCell.m in Sources */,
				A4EB10A31CB6AFDA00F93E82 /* VideoViewController.m in Sources */,
				A41683841CB2609200D2EFE6 /* ViewTwo.m in Sources */,
				A416838A1CB27D6500D2EFE6 /* RankTableViewCell.m in Sources */,
				A41683781CB0A8AA00D2EFE6 /* CollectionViewCell.m in Sources */,
				A469C0861CBA9F020082CE36 /* UIImage+Video.m in Sources */,
				A416835F1CB09A5100D2EFE6 /* YourOwnViewController.m in Sources */,
				A416832C1CAFFAB500D2EFE6 /* main.m in Sources */,
				A41683561CB09A1400D2EFE6 /* NewViewController.m in Sources */,
				A4EB109A1CB5E03700F93E82 /* MusicOneViewController.m in Sources */,
				A41683591CB09A2400D2EFE6 /* RankViewController.m in Sources */,
				A416835C1CB09A3A00D2EFE6 /* SongsListViewController.m in Sources */,
			);
			runOnlyForDeploymentPostprocessing = 0;
		};
		A416833B1CAFFAB500D2EFE6 /* Sources */ = {
			isa = PBXSourcesBuildPhase;
			buildActionMask = 2147483647;
			files = (
				A41683461CAFFAB500D2EFE6 /* CollectionViewTests.m in Sources */,
			);
			runOnlyForDeploymentPostprocessing = 0;
		};
/* End PBXSourcesBuildPhase section */

/* Begin PBXTargetDependency section */
		A41683411CAFFAB500D2EFE6 /* PBXTargetDependency */ = {
			isa = PBXTargetDependency;
			target = A41683251CAFFAB500D2EFE6 /* CollectionView */;
			targetProxy = A41683401CAFFAB500D2EFE6 /* PBXContainerItemProxy */;
		};
/* End PBXTargetDependency section */

/* Begin PBXVariantGroup section */
		A41683331CAFFAB500D2EFE6 /* Main.storyboard */ = {
			isa = PBXVariantGroup;
			children = (
				A41683341CAFFAB500D2EFE6 /* Base */,
			);
			name = Main.storyboard;
			sourceTree = "<group>";
		};
		A41683381CAFFAB500D2EFE6 /* LaunchScreen.xib */ = {
			isa = PBXVariantGroup;
			children = (
				A41683391CAFFAB500D2EFE6 /* Base */,
			);
			name = LaunchScreen.xib;
			sourceTree = "<group>";
		};
/* End PBXVariantGroup section */

/* Begin XCBuildConfiguration section */
		A41683471CAFFAB500D2EFE6 /* Debug */ = {
			isa = XCBuildConfiguration;
			buildSettings = {
				ALWAYS_SEARCH_USER_PATHS = NO;
				CLANG_CXX_LANGUAGE_STANDARD = "gnu++0x";
				CLANG_CXX_LIBRARY = "libc++";
				CLANG_ENABLE_MODULES = YES;
				CLANG_ENABLE_OBJC_ARC = YES;
				CLANG_WARN_BOOL_CONVERSION = YES;
				CLANG_WARN_CONSTANT_CONVERSION = YES;
				CLANG_WARN_DIRECT_OBJC_ISA_USAGE = YES_ERROR;
				CLANG_WARN_EMPTY_BODY = YES;
				CLANG_WARN_ENUM_CONVERSION = YES;
				CLANG_WARN_INT_CONVERSION = YES;
				CLANG_WARN_OBJC_ROOT_CLASS = YES_ERROR;
				CLANG_WARN_UNREACHABLE_CODE = YES;
				CLANG_WARN__DUPLICATE_METHOD_MATCH = YES;
				"CODE_SIGN_IDENTITY[sdk=iphoneos*]" = "iPhone Developer";
				COPY_PHASE_STRIP = NO;
				ENABLE_STRICT_OBJC_MSGSEND = YES;
				GCC_C_LANGUAGE_STANDARD = gnu99;
				GCC_DYNAMIC_NO_PIC = NO;
				GCC_OPTIMIZATION_LEVEL = 0;
				GCC_PREPROCESSOR_DEFINITIONS = (
					"DEBUG=1",
					"$(inherited)",
				);
				GCC_SYMBOLS_PRIVATE_EXTERN = NO;
				GCC_WARN_64_TO_32_BIT_CONVERSION = YES;
				GCC_WARN_ABOUT_RETURN_TYPE = YES_ERROR;
				GCC_WARN_UNDECLARED_SELECTOR = YES;
				GCC_WARN_UNINITIALIZED_AUTOS = YES_AGGRESSIVE;
				GCC_WARN_UNUSED_FUNCTION = YES;
				GCC_WARN_UNUSED_VARIABLE = YES;
				IPHONEOS_DEPLOYMENT_TARGET = 8.1;
				MTL_ENABLE_DEBUG_INFO = YES;
				ONLY_ACTIVE_ARCH = YES;
				SDKROOT = iphoneos;
			};
			name = Debug;
		};
		A41683481CAFFAB500D2EFE6 /* Release */ = {
			isa = XCBuildConfiguration;
			buildSettings = {
				ALWAYS_SEARCH_USER_PATHS = NO;
				CLANG_CXX_LANGUAGE_STANDARD = "gnu++0x";
				CLANG_CXX_LIBRARY = "libc++";
				CLANG_ENABLE_MODULES = YES;
				CLANG_ENABLE_OBJC_ARC = YES;
				CLANG_WARN_BOOL_CONVERSION = YES;
				CLANG_WARN_CONSTANT_CONVERSION = YES;
				CLANG_WARN_DIRECT_OBJC_ISA_USAGE = YES_ERROR;
				CLANG_WARN_EMPTY_BODY = YES;
				CLANG_WARN_ENUM_CONVERSION = YES;
				CLANG_WARN_INT_CONVERSION = YES;
				CLANG_WARN_OBJC_ROOT_CLASS = YES_ERROR;
				CLANG_WARN_UNREACHABLE_CODE = YES;
				CLANG_WARN__DUPLICATE_METHOD_MATCH = YES;
				"CODE_SIGN_IDENTITY[sdk=iphoneos*]" = "iPhone Developer";
				COPY_PHASE_STRIP = YES;
				ENABLE_NS_ASSERTIONS = NO;
				ENABLE_STRICT_OBJC_MSGSEND = YES;
				GCC_C_LANGUAGE_STANDARD = gnu99;
				GCC_WARN_64_TO_32_BIT_CONVERSION = YES;
				GCC_WARN_ABOUT_RETURN_TYPE = YES_ERROR;
				GCC_WARN_UNDECLARED_SELECTOR = YES;
				GCC_WARN_UNINITIALIZED_AUTOS = YES_AGGRESSIVE;
				GCC_WARN_UNUSED_FUNCTION = YES;
				GCC_WARN_UNUSED_VARIABLE = YES;
				IPHONEOS_DEPLOYMENT_TARGET = 8.1;
				MTL_ENABLE_DEBUG_INFO = NO;
				SDKROOT = iphoneos;
				VALIDATE_PRODUCT = YES;
			};
			name = Release;
		};
		A416834A1CAFFAB500D2EFE6 /* Debug */ = {
			isa = XCBuildConfiguration;
			buildSettings = {
				ASSETCATALOG_COMPILER_APPICON_NAME = AppIcon;
				ASSETCATALOG_COMPILER_LAUNCHIMAGE_NAME = LaunchImage;
				INFOPLIST_FILE = CollectionView/Info.plist;
				IPHONEOS_DEPLOYMENT_TARGET = 8.1;
				LD_RUNPATH_SEARCH_PATHS = "$(inherited) @executable_path/Frameworks";
				PRODUCT_NAME = "$(TARGET_NAME)";
			};
			name = Debug;
		};
		A416834B1CAFFAB500D2EFE6 /* Release */ = {
			isa = XCBuildConfiguration;
			buildSettings = {
				ASSETCATALOG_COMPILER_APPICON_NAME = AppIcon;
				ASSETCATALOG_COMPILER_LAUNCHIMAGE_NAME = LaunchImage;
				INFOPLIST_FILE = CollectionView/Info.plist;
				IPHONEOS_DEPLOYMENT_TARGET = 8.1;
				LD_RUNPATH_SEARCH_PATHS = "$(inherited) @executable_path/Frameworks";
				PRODUCT_NAME = "$(TARGET_NAME)";
			};
			name = Release;
		};
		A416834D1CAFFAB500D2EFE6 /* Debug */ = {
			isa = XCBuildConfiguration;
			buildSettings = {
				BUNDLE_LOADER = "$(TEST_HOST)";
				FRAMEWORK_SEARCH_PATHS = (
					"$(SDKROOT)/Developer/Library/Frameworks",
					"$(inherited)",
				);
				GCC_PREPROCESSOR_DEFINITIONS = (
					"DEBUG=1",
					"$(inherited)",
				);
				INFOPLIST_FILE = CollectionViewTests/Info.plist;
				LD_RUNPATH_SEARCH_PATHS = "$(inherited) @executable_path/Frameworks @loader_path/Frameworks";
				PRODUCT_NAME = "$(TARGET_NAME)";
				TEST_HOST = "$(BUILT_PRODUCTS_DIR)/CollectionView.app/CollectionView";
			};
			name = Debug;
		};
		A416834E1CAFFAB500D2EFE6 /* Release */ = {
			isa = XCBuildConfiguration;
			buildSettings = {
				BUNDLE_LOADER = "$(TEST_HOST)";
				FRAMEWORK_SEARCH_PATHS = (
					"$(SDKROOT)/Developer/Library/Frameworks",
					"$(inherited)",
				);
				INFOPLIST_FILE = CollectionViewTests/Info.plist;
				LD_RUNPATH_SEARCH_PATHS = "$(inherited) @executable_path/Frameworks @loader_path/Frameworks";
				PRODUCT_NAME = "$(TARGET_NAME)";
				TEST_HOST = "$(BUILT_PRODUCTS_DIR)/CollectionView.app/CollectionView";
			};
			name = Release;
		};
/* End XCBuildConfiguration section */

/* Begin XCConfigurationList section */
		A41683211CAFFAB500D2EFE6 /* Build configuration list for PBXProject "CollectionView" */ = {
			isa = XCConfigurationList;
			buildConfigurations = (
				A41683471CAFFAB500D2EFE6 /* Debug */,
				A41683481CAFFAB500D2EFE6 /* Release */,
			);
			defaultConfigurationIsVisible = 0;
			defaultConfigurationName = Release;
		};
		A41683491CAFFAB500D2EFE6 /* Build configuration list for PBXNativeTarget "CollectionView" */ = {
			isa = XCConfigurationList;
			buildConfigurations = (
				A416834A1CAFFAB500D2EFE6 /* Debug */,
				A416834B1CAFFAB500D2EFE6 /* Release */,
			);
			defaultConfigurationIsVisible = 0;
			defaultConfigurationName = Release;
		};
		A416834C1CAFFAB500D2EFE6 /* Build configuration list for PBXNativeTarget "CollectionViewTests" */ = {
			isa = XCConfigurationList;
			buildConfigurations = (
				A416834D1CAFFAB500D2EFE6 /* Debug */,
				A416834E1CAFFAB500D2EFE6 /* Release */,
			);
			defaultConfigurationIsVisible = 0;
			defaultConfigurationName = Release;
		};
/* End XCConfigurationList section */
	};
	rootObject = A416831E1CAFFAB500D2EFE6 /* Project object */;
}
